
Microsoft Visual Studio Solution File, Format Version 12.00
# Visual Studio Version 17
VisualStudioVersion = 17.2.32519.379
MinimumVisualStudioVersion = 10.0.40219.1
Project("{8BC9CEB8-8B4A-11D0-8D11-00A0C91BC942}") = "MasterDetailExample", "MasterDetailExample\MasterDetailExample.vcxproj", "{1B99215F-079B-4060-99C2-21210CAB0EFF}"
EndProject
Project("{8BC9CEB8-8B4A-11D0-8D11-00A0C91BC942}") = "CachedTableExample", "CachedTableExample\CachedTableExample.vcxproj", "{0F61BE44-3FD7-4562-A38E-B75236792358}"
EndProject
Global
	GlobalSection(SolutionConfigurationPlatforms) = preSolution
		Debug|x64 = Debug|x64
		Release|x64 = Release|x64
	EndGlobalSection
	GlobalSection(ProjectConfigurationPlatforms) = postSolution
		{1B99215F-079B-4060-99C2-21210CAB0EFF}.Debug|x64.ActiveCfg = Debug|x64
		{1B99215F-079B-4060-99C2-21210CAB0EFF}.Debug|x64.Build.0 = Debug|x64
		{1B99215F-079B-4060-99C2-21210CAB0EFF}.Release|x64.ActiveCfg = Release|x64
		{1B99215F-079B-4060-99C2-21210CAB0EFF}.Release|x64.Build.0 = Release|x64
		{0F61BE44-3FD7-4562-A38E-B75236792358}.Debug|x64.ActiveCfg = Debug|x64
		{0F61BE44-3FD7-4562-A38E-B75236792358}.Debug|x64.Build.0 = Debug|x64
		{0F61BE44-3FD7-4562-A38E-B75236792358}.Release|x64.ActiveCfg = Release|x64
		{0F61BE44-3FD7-4562-A38E-B75236792358}.Release|x64.Build.0 = Release|x64
	EndGlobalSection
	GlobalSection(SolutionProperties) = preSolution
		HideSolutionNode = FALSE
	EndGlobalSection
	GlobalSection(ExtensibilityGlobals) = postSolution
		SolutionGuid = {C5D15D81-B02C-4DF6-8749-FF42D773E7AB}
	EndGlobalSection
EndGlobal
